{
  "name": "reactfire",
  "version": "0.0.1",
  "lockfileVersion": 1,
  "requires": true,
  "dependencies": {
    "@firebase/app": {
      "version": "0.3.11",
      "resolved": "https://registry.npmjs.org/@firebase/app/-/app-0.3.11.tgz",
      "integrity": "sha512-m9gTkgyEhU69iMk/uEO8YNXllEIeODGmMiUcY4WIvVIHKky1lN6nfScoZjp6jca3z/OyARq3AKNZ1nqG97I9qA==",
      "requires": {
        "@firebase/app-types": "0.3.5",
        "@firebase/util": "0.2.9",
        "dom-storage": "2.1.0",
        "tslib": "1.9.0",
        "xmlhttprequest": "1.8.0"
      },
      "dependencies": {
        "tslib": {
          "version": "1.9.0",
          "resolved": "https://registry.npmjs.org/tslib/-/tslib-1.9.0.tgz",
          "integrity": "sha512-f/qGG2tUkrISBlQZEjEqoZ3B2+npJjIf04H1wuAv9iA8i04Icp+61KRXxFdha22670NJopsZCIjhC3SnjPRKrQ=="
        }
      }
    },
    "@firebase/app-types": {
      "version": "0.3.5",
      "resolved": "https://registry.npmjs.org/@firebase/app-types/-/app-types-0.3.5.tgz",
      "integrity": "sha512-ytt2YIiW7hhGn8vrZMGqaPoop57HWxTRJfU/Fm/DYg77C4M7Zj7T1WFz+gmE+EiJY6/S5r2qxsU3pGxvx1OhhQ=="
    },
    "@firebase/auth": {
      "version": "0.9.4",
      "resolved": "https://registry.npmjs.org/@firebase/auth/-/auth-0.9.4.tgz",
      "integrity": "sha512-+y7OTSBXJinYu2N0lofRKX0N3mQoagr4RUBsSwaJIXj5ysy0LDJYDKPNNCk2Aq+MS15n1ekrA4li1jdP/VfWKw==",
      "requires": {
        "@firebase/auth-types": "0.5.3"
      }
    },
    "@firebase/auth-types": {
      "version": "0.5.3",
      "resolved": "https://registry.npmjs.org/@firebase/auth-types/-/auth-types-0.5.3.tgz",
      "integrity": "sha512-LjJh2dBp0oJAT9FrKwdbdDW89bHeD5z9ggRiv9U35enDyvq3RCgI58HZKmTzAOZolA6X/ojab8BeuS74aZIpmQ=="
    },
    "@firebase/database": {
      "version": "0.3.14",
      "resolved": "https://registry.npmjs.org/@firebase/database/-/database-0.3.14.tgz",
      "integrity": "sha512-i8FMhtlRVdghbVoR9PbBRIYu4fF63GAvY+NKj7tYhRdKWz+bxtDCmIF2JD74uqeeOzDV5r1RV6hkn6i0hNr/Pg==",
      "requires": {
        "@firebase/database-types": "0.3.6",
        "@firebase/logger": "0.1.8",
        "@firebase/util": "0.2.9",
        "faye-websocket": "0.11.1",
        "tslib": "1.9.0"
      },
      "dependencies": {
        "tslib": {
          "version": "1.9.0",
          "resolved": "https://registry.npmjs.org/tslib/-/tslib-1.9.0.tgz",
          "integrity": "sha512-f/qGG2tUkrISBlQZEjEqoZ3B2+npJjIf04H1wuAv9iA8i04Icp+61KRXxFdha22670NJopsZCIjhC3SnjPRKrQ=="
        }
      }
    },
    "@firebase/database-types": {
      "version": "0.3.6",
      "resolved": "https://registry.npmjs.org/@firebase/database-types/-/database-types-0.3.6.tgz",
      "integrity": "sha512-TrzbgyM7bNN6wDICpV4kz+tynpacmkZFYAD9FPTSsRAs4fWv1rK9Wmhz7YuQGlxdaQdMyGxs8OuLLjGoSe9goQ=="
    },
    "@firebase/firestore": {
      "version": "1.0.6",
      "resolved": "https://registry.npmjs.org/@firebase/firestore/-/firestore-1.0.6.tgz",
      "integrity": "sha512-m2BuDDicCRHeMAjRLErbkZT29wvfsvdq+ZDK+v3HOlteeLNWXxJM55hthGzIOYKpOnSyZluhUcdVvsHBekMFdw==",
      "requires": {
        "@firebase/firestore-types": "1.0.3",
        "@firebase/logger": "0.1.8",
        "@firebase/webchannel-wrapper": "0.2.14",
        "grpc": "1.18.0",
        "tslib": "1.9.0"
      },
      "dependencies": {
        "tslib": {
          "version": "1.9.0",
          "resolved": "https://registry.npmjs.org/tslib/-/tslib-1.9.0.tgz",
          "integrity": "sha512-f/qGG2tUkrISBlQZEjEqoZ3B2+npJjIf04H1wuAv9iA8i04Icp+61KRXxFdha22670NJopsZCIjhC3SnjPRKrQ=="
        }
      }
    },
    "@firebase/firestore-types": {
      "version": "1.0.3",
      "resolved": "https://registry.npmjs.org/@firebase/firestore-types/-/firestore-types-1.0.3.tgz",
      "integrity": "sha512-1BVisGPg3nqPy9nBdVzqXBPtLbaRJALM7m8cB3c+xY0Ww216k9naL35HnjToASzk13jaYu+2/uBGHOW8/tOFJg=="
    },
    "@firebase/functions": {
      "version": "0.4.1",
      "resolved": "https://registry.npmjs.org/@firebase/functions/-/functions-0.4.1.tgz",
      "integrity": "sha512-l2GhmtreqvOm98lAxWs46YQr0AOZduV/KTZ2wCJIAKdgJcqOTD+MYBv/9DjxL1+gyMAGiku/aODObTq+7Kq8eA==",
      "requires": {
        "@firebase/functions-types": "0.3.0",
        "@firebase/messaging-types": "0.2.6",
        "isomorphic-fetch": "2.2.1",
        "tslib": "1.9.0"
      },
      "dependencies": {
        "tslib": {
          "version": "1.9.0",
          "resolved": "https://registry.npmjs.org/tslib/-/tslib-1.9.0.tgz",
          "integrity": "sha512-f/qGG2tUkrISBlQZEjEqoZ3B2+npJjIf04H1wuAv9iA8i04Icp+61KRXxFdha22670NJopsZCIjhC3SnjPRKrQ=="
        }
      }
    },
    "@firebase/functions-types": {
      "version": "0.3.0",
      "resolved": "https://registry.npmjs.org/@firebase/functions-types/-/functions-types-0.3.0.tgz",
      "integrity": "sha512-dyAuWM/rVfa1NgMg1EDYa6CuwTJMCI1Ctmmoj3vMFPbiLE/d+SPaJ4XwTddpllPHbVoLTgiMf5ypR8QvuyJr4w=="
    },
    "@firebase/logger": {
      "version": "0.1.8",
      "resolved": "https://registry.npmjs.org/@firebase/logger/-/logger-0.1.8.tgz",
      "integrity": "sha512-yEU7+fV5zpreyHU874ECxjV/yWkDZ9tM2tGPvjjKNjhL5mv701PQDA1pUAtLg8fRa/6JS3NhMMZv0E4xjzMxfA=="
    },
    "@firebase/messaging": {
      "version": "0.3.13",
      "resolved": "https://registry.npmjs.org/@firebase/messaging/-/messaging-0.3.13.tgz",
      "integrity": "sha512-zlUZMGMZcB65eTqRGQzkpBHJgOk1w7yo0aR0G+MzFEABy6pRzxLOusK9LHsiqMPMYDB2StagV1/vtfrlvo7Q6g==",
      "requires": {
        "@firebase/messaging-types": "0.2.6",
        "@firebase/util": "0.2.9",
        "tslib": "1.9.0"
      },
      "dependencies": {
        "tslib": {
          "version": "1.9.0",
          "resolved": "https://registry.npmjs.org/tslib/-/tslib-1.9.0.tgz",
          "integrity": "sha512-f/qGG2tUkrISBlQZEjEqoZ3B2+npJjIf04H1wuAv9iA8i04Icp+61KRXxFdha22670NJopsZCIjhC3SnjPRKrQ=="
        }
      }
    },
    "@firebase/messaging-types": {
      "version": "0.2.6",
      "resolved": "https://registry.npmjs.org/@firebase/messaging-types/-/messaging-types-0.2.6.tgz",
      "integrity": "sha512-5MBOfodichuqkGyFZEkLwpwC+zlJSr1oSmMRrAd3OpBvxkPl3EFGL9F/u1Ecl+KY5KhAuPsW7iWPem5HmjpWeA=="
    },
    "@firebase/polyfill": {
      "version": "0.3.7",
      "resolved": "https://registry.npmjs.org/@firebase/polyfill/-/polyfill-0.3.7.tgz",
      "integrity": "sha512-M1wUUID1mZel3KSoCf9Hsi4CzsGIwIsLHYL3SftrHPfp42lQ3HOszHw2Z0nSEhhS5YqqOWUZswuCRByhbW7ieg==",
      "requires": {
        "core-js": "2.5.5",
        "promise-polyfill": "7.1.2",
        "whatwg-fetch": "2.0.4"
      },
      "dependencies": {
        "whatwg-fetch": {
          "version": "2.0.4",
          "resolved": "https://registry.npmjs.org/whatwg-fetch/-/whatwg-fetch-2.0.4.tgz",
          "integrity": "sha512-dcQ1GWpOD/eEQ97k66aiEVpNnapVj90/+R+SXTPYGHpYBBypfKJEQjLrvMZ7YXbKm21gXd4NcuxUTjiv1YtLng=="
        }
      }
    },
    "@firebase/storage": {
      "version": "0.2.10",
      "resolved": "https://registry.npmjs.org/@firebase/storage/-/storage-0.2.10.tgz",
      "integrity": "sha512-DHUy7U5OENArmnsUWJn7M3FUnIRgYM7gWqN92rhe3wq9mUE+BkZpRzkTfZaW0OmKYx5HKk72imCXejKx2e45Ag==",
      "requires": {
        "@firebase/storage-types": "0.2.6",
        "tslib": "1.9.0"
      },
      "dependencies": {
        "tslib": {
          "version": "1.9.0",
          "resolved": "https://registry.npmjs.org/tslib/-/tslib-1.9.0.tgz",
          "integrity": "sha512-f/qGG2tUkrISBlQZEjEqoZ3B2+npJjIf04H1wuAv9iA8i04Icp+61KRXxFdha22670NJopsZCIjhC3SnjPRKrQ=="
        }
      }
    },
    "@firebase/storage-types": {
      "version": "0.2.6",
      "resolved": "https://registry.npmjs.org/@firebase/storage-types/-/storage-types-0.2.6.tgz",
      "integrity": "sha512-HTIrHWOnz4zSiGZ22WP4mhd6Ckzk15KgPhk5tEY3AUnO/nAmNDfhHMrw1dBeASNRItZ/uTmqmxTJ9LOSwkNmaw=="
    },
    "@firebase/util": {
      "version": "0.2.9",
      "resolved": "https://registry.npmjs.org/@firebase/util/-/util-0.2.9.tgz",
      "integrity": "sha512-eMeYTH70Kv2Hexf23vMajaAKI4UTqaLOEaHXmYWOpjntdA+8Qv1mpOZ53WWxkgFDyc+HBIEzzUPNxfzgfrzbVQ==",
      "requires": {
        "tslib": "1.9.0"
      },
      "dependencies": {
        "tslib": {
          "version": "1.9.0",
          "resolved": "https://registry.npmjs.org/tslib/-/tslib-1.9.0.tgz",
          "integrity": "sha512-f/qGG2tUkrISBlQZEjEqoZ3B2+npJjIf04H1wuAv9iA8i04Icp+61KRXxFdha22670NJopsZCIjhC3SnjPRKrQ=="
        }
      }
    },
    "@firebase/webchannel-wrapper": {
      "version": "0.2.14",
      "resolved": "https://registry.npmjs.org/@firebase/webchannel-wrapper/-/webchannel-wrapper-0.2.14.tgz",
      "integrity": "sha512-3QyZ1gv99G674yb7hYlz29d/vEROPKAZetnxhbimYBczYZFpSvL5+Eqa/gIypJLBAdhKoaUQcv3rUCVdaa+3ig=="
    },
    "ansi-regex": {
      "version": "2.1.1",
      "resolved": "https://registry.npmjs.org/ansi-regex/-/ansi-regex-2.1.1.tgz",
      "integrity": "sha1-w7M6te42DYbg5ijwRorn7yfWVN8="
    },
    "ascli": {
      "version": "1.0.1",
      "resolved": "https://registry.npmjs.org/ascli/-/ascli-1.0.1.tgz",
      "integrity": "sha1-vPpZdKYvGOgcq660lzKrSoj5Brw=",
      "requires": {
        "colour": "~0.7.1",
        "optjs": "~3.2.2"
      }
    },
    "balanced-match": {
      "version": "1.0.0",
      "resolved": "https://registry.npmjs.org/balanced-match/-/balanced-match-1.0.0.tgz",
      "integrity": "sha1-ibTRmasr7kneFk6gK4nORi1xt2c="
    },
    "brace-expansion": {
      "version": "1.1.11",
      "resolved": "https://registry.npmjs.org/brace-expansion/-/brace-expansion-1.1.11.tgz",
      "integrity": "sha512-iCuPHDFgrHX7H2vEI/5xpz07zSHB00TpugqhmYtVmMO6518mCuRMoOYFldEBl0g187ufozdaHgWKcYFb61qGiA==",
      "requires": {
        "balanced-match": "^1.0.0",
        "concat-map": "0.0.1"
      }
    },
    "bytebuffer": {
      "version": "5.0.1",
      "resolved": "https://registry.npmjs.org/bytebuffer/-/bytebuffer-5.0.1.tgz",
      "integrity": "sha1-WC7qSxqHO20CCkjVjfhfC7ps/d0=",
      "requires": {
        "long": "~3"
      }
    },
    "camelcase": {
      "version": "2.1.1",
      "resolved": "https://registry.npmjs.org/camelcase/-/camelcase-2.1.1.tgz",
      "integrity": "sha1-fB0W1nmhu+WcoCys7PsBHiAfWh8="
    },
    "cliui": {
      "version": "3.2.0",
      "resolved": "https://registry.npmjs.org/cliui/-/cliui-3.2.0.tgz",
      "integrity": "sha1-EgYBU3qRbSmUD5NNo7SNWFo5IT0=",
      "requires": {
        "string-width": "^1.0.1",
        "strip-ansi": "^3.0.1",
        "wrap-ansi": "^2.0.0"
      }
    },
    "code-point-at": {
      "version": "1.1.0",
      "resolved": "https://registry.npmjs.org/code-point-at/-/code-point-at-1.1.0.tgz",
      "integrity": "sha1-DQcLTQQ6W+ozovGkDi7bPZpMz3c="
    },
    "colour": {
      "version": "0.7.1",
      "resolved": "https://registry.npmjs.org/colour/-/colour-0.7.1.tgz",
      "integrity": "sha1-nLFpkX7F0SwHNtPoaFdG3xyt93g="
    },
    "concat-map": {
      "version": "0.0.1",
      "resolved": "https://registry.npmjs.org/concat-map/-/concat-map-0.0.1.tgz",
      "integrity": "sha1-2Klr13/Wjfd5OnMDajug1UBdR3s="
    },
    "core-js": {
      "version": "2.5.5",
      "resolved": "https://registry.npmjs.org/core-js/-/core-js-2.5.5.tgz",
      "integrity": "sha1-sU3ek2xkDAV5prUMq8wTLdYSfjs="
    },
    "decamelize": {
      "version": "1.2.0",
      "resolved": "https://registry.npmjs.org/decamelize/-/decamelize-1.2.0.tgz",
      "integrity": "sha1-9lNNFRSCabIDUue+4m9QH5oZEpA="
    },
    "dom-storage": {
      "version": "2.1.0",
      "resolved": "https://registry.npmjs.org/dom-storage/-/dom-storage-2.1.0.tgz",
      "integrity": "sha512-g6RpyWXzl0RR6OTElHKBl7nwnK87GUyZMYC7JWsB/IA73vpqK2K6LT39x4VepLxlSsWBFrPVLnsSR5Jyty0+2Q=="
    },
    "encoding": {
      "version": "0.1.12",
      "resolved": "https://registry.npmjs.org/encoding/-/encoding-0.1.12.tgz",
      "integrity": "sha1-U4tm8+5izRq1HsMjgp0flIDHS+s=",
      "requires": {
        "iconv-lite": "~0.4.13"
      }
    },
    "faye-websocket": {
      "version": "0.11.1",
      "resolved": "https://registry.npmjs.org/faye-websocket/-/faye-websocket-0.11.1.tgz",
      "integrity": "sha1-8O/hjE9W5PQK/H4Gxxn9XuYYjzg=",
      "requires": {
        "websocket-driver": ">=0.5.1"
      }
    },
    "firebase": {
      "version": "5.8.6",
      "resolved": "https://registry.npmjs.org/firebase/-/firebase-5.8.6.tgz",
      "integrity": "sha512-pMAtOn1XZlC2CXADDL9Zx6+b1mDMfkGBBJ67VUOKtZX+4vi8S2DfgMSM0kWPiyuMZ1JgSUz/ZJWzAv2BCBaxeg==",
      "requires": {
        "@firebase/app": "0.3.11",
        "@firebase/auth": "0.9.4",
        "@firebase/database": "0.3.14",
        "@firebase/firestore": "1.0.6",
        "@firebase/functions": "0.4.1",
        "@firebase/messaging": "0.3.13",
        "@firebase/polyfill": "0.3.7",
        "@firebase/storage": "0.2.10"
      }
    },
    "fs.realpath": {
      "version": "1.0.0",
      "resolved": "https://registry.npmjs.org/fs.realpath/-/fs.realpath-1.0.0.tgz",
      "integrity": "sha1-FQStJSMVjKpA20onh8sBQRmU6k8="
    },
    "glob": {
      "version": "7.1.3",
      "resolved": "https://registry.npmjs.org/glob/-/glob-7.1.3.tgz",
      "integrity": "sha512-vcfuiIxogLV4DlGBHIUOwI0IbrJ8HWPc4MU7HzviGeNho/UJDfi6B5p3sHeWIQ0KGIU0Jpxi5ZHxemQfLkkAwQ==",
      "requires": {
        "fs.realpath": "^1.0.0",
        "inflight": "^1.0.4",
        "inherits": "2",
        "minimatch": "^3.0.4",
        "once": "^1.3.0",
        "path-is-absolute": "^1.0.0"
      }
    },
    "grpc": {
      "version": "1.18.0",
      "resolved": "https://registry.npmjs.org/grpc/-/grpc-1.18.0.tgz",
      "integrity": "sha512-M0K67Zhv2ZzCjrTbQvjWgYFPB929L+qAVnbNgXepbfO5kJxUYc30dP8m8vb+o8QdahLHAeYfIqRoIzZRcCB98Q==",
      "requires": {
        "lodash.camelcase": "^4.3.0",
        "lodash.clone": "^4.5.0",
        "nan": "^2.0.0",
        "node-pre-gyp": "^0.12.0",
        "protobufjs": "^5.0.3"
      },
      "dependencies": {
        "abbrev": {
          "version": "1.1.1",
          "bundled": true
        },
        "ansi-regex": {
          "version": "2.1.1",
          "bundled": true
        },
        "aproba": {
          "version": "1.2.0",
          "bundled": true
        },
        "are-we-there-yet": {
          "version": "1.1.5",
          "bundled": true,
          "requires": {
            "delegates": "^1.0.0",
            "readable-stream": "^2.0.6"
          }
        },
        "balanced-match": {
          "version": "1.0.0",
          "bundled": true
        },
        "brace-expansion": {
          "version": "1.1.11",
          "bundled": true,
          "requires": {
            "balanced-match": "^1.0.0",
            "concat-map": "0.0.1"
          }
        },
        "chownr": {
          "version": "1.1.1",
          "bundled": true
        },
        "code-point-at": {
          "version": "1.1.0",
          "bundled": true
        },
        "concat-map": {
          "version": "0.0.1",
          "bundled": true
        },
        "console-control-strings": {
          "version": "1.1.0",
          "bundled": true
        },
        "core-util-is": {
          "version": "1.0.2",
          "bundled": true
        },
        "debug": {
          "version": "2.6.9",
          "bundled": true,
          "requires": {
            "ms": "2.0.0"
          }
        },
        "deep-extend": {
          "version": "0.6.0",
          "bundled": true
        },
        "delegates": {
          "version": "1.0.0",
          "bundled": true
        },
        "detect-libc": {
          "version": "1.0.3",
          "bundled": true
        },
        "fs-minipass": {
          "version": "1.2.5",
          "bundled": true,
          "requires": {
            "minipass": "^2.2.1"
          }
        },
        "fs.realpath": {
          "version": "1.0.0",
          "bundled": true
        },
        "gauge": {
          "version": "2.7.4",
          "bundled": true,
          "requires": {
            "aproba": "^1.0.3",
            "console-control-strings": "^1.0.0",
            "has-unicode": "^2.0.0",
            "object-assign": "^4.1.0",
            "signal-exit": "^3.0.0",
            "string-width": "^1.0.1",
            "strip-ansi": "^3.0.1",
            "wide-align": "^1.1.0"
          }
        },
        "glob": {
          "version": "7.1.2",
          "bundled": true,
          "requires": {
            "fs.realpath": "^1.0.0",
            "inflight": "^1.0.4",
            "inherits": "2",
            "minimatch": "^3.0.4",
            "once": "^1.3.0",
            "path-is-absolute": "^1.0.0"
          }
        },
        "has-unicode": {
          "version": "2.0.1",
          "bundled": true
        },
        "iconv-lite": {
          "version": "0.4.23",
          "bundled": true,
          "requires": {
            "safer-buffer": ">= 2.1.2 < 3"
          }
        },
        "ignore-walk": {
          "version": "3.0.1",
          "bundled": true,
          "requires": {
            "minimatch": "^3.0.4"
          }
        },
        "inflight": {
          "version": "1.0.6",
          "bundled": true,
          "requires": {
            "once": "^1.3.0",
            "wrappy": "1"
          }
        },
        "inherits": {
          "version": "2.0.3",
          "bundled": true
        },
        "ini": {
          "version": "1.3.5",
          "bundled": true
        },
        "is-fullwidth-code-point": {
          "version": "1.0.0",
          "bundled": true,
          "requires": {
            "number-is-nan": "^1.0.0"
          }
        },
        "isarray": {
          "version": "1.0.0",
          "bundled": true
        },
        "minimatch": {
          "version": "3.0.4",
          "bundled": true,
          "requires": {
            "brace-expansion": "^1.1.7"
          }
        },
        "minimist": {
          "version": "1.2.0",
          "bundled": true
        },
        "minipass": {
          "version": "2.3.5",
          "bundled": true,
          "requires": {
            "safe-buffer": "^5.1.2",
            "yallist": "^3.0.0"
          }
        },
        "minizlib": {
          "version": "1.1.1",
          "bundled": true,
          "requires": {
            "minipass": "^2.2.1"
          }
        },
        "mkdirp": {
          "version": "0.5.1",
          "bundled": true,
          "requires": {
            "minimist": "0.0.8"
          },
          "dependencies": {
            "minimist": {
              "version": "0.0.8",
              "bundled": true
            }
          }
        },
        "ms": {
          "version": "2.0.0",
          "bundled": true
        },
        "needle": {
          "version": "2.2.4",
          "bundled": true,
          "requires": {
            "debug": "^2.1.2",
            "iconv-lite": "^0.4.4",
            "sax": "^1.2.4"
          }
        },
        "node-pre-gyp": {
          "version": "0.12.0",
          "bundled": true,
          "requires": {
            "detect-libc": "^1.0.2",
            "mkdirp": "^0.5.1",
            "needle": "^2.2.1",
            "nopt": "^4.0.1",
            "npm-packlist": "^1.1.6",
            "npmlog": "^4.0.2",
            "rc": "^1.2.7",
            "rimraf": "^2.6.1",
            "semver": "^5.3.0",
            "tar": "^4"
          }
        },
        "nopt": {
          "version": "4.0.1",
          "bundled": true,
          "requires": {
            "abbrev": "1",
            "osenv": "^0.1.4"
          }
        },
        "npm-bundled": {
          "version": "1.0.5",
          "bundled": true
        },
        "npm-packlist": {
          "version": "1.1.12",
          "bundled": true,
          "requires": {
            "ignore-walk": "^3.0.1",
            "npm-bundled": "^1.0.1"
          }
        },
        "npmlog": {
          "version": "4.1.2",
          "bundled": true,
          "requires": {
            "are-we-there-yet": "~1.1.2",
            "console-control-strings": "~1.1.0",
            "gauge": "~2.7.3",
            "set-blocking": "~2.0.0"
          }
        },
        "number-is-nan": {
          "version": "1.0.1",
          "bundled": true
        },
        "object-assign": {
          "version": "4.1.1",
          "bundled": true
        },
        "once": {
          "version": "1.4.0",
          "bundled": true,
          "requires": {
            "wrappy": "1"
          }
        },
        "os-homedir": {
          "version": "1.0.2",
          "bundled": true
        },
        "os-tmpdir": {
          "version": "1.0.2",
          "bundled": true
        },
        "osenv": {
          "version": "0.1.5",
          "bundled": true,
          "requires": {
            "os-homedir": "^1.0.0",
            "os-tmpdir": "^1.0.0"
          }
        },
        "path-is-absolute": {
          "version": "1.0.1",
          "bundled": true
        },
        "process-nextick-args": {
          "version": "2.0.0",
          "bundled": true
        },
        "rc": {
          "version": "1.2.8",
          "bundled": true,
          "requires": {
            "deep-extend": "^0.6.0",
            "ini": "~1.3.0",
            "minimist": "^1.2.0",
            "strip-json-comments": "~2.0.1"
          }
        },
        "readable-stream": {
          "version": "2.3.6",
          "bundled": true,
          "requires": {
            "core-util-is": "~1.0.0",
            "inherits": "~2.0.3",
            "isarray": "~1.0.0",
            "process-nextick-args": "~2.0.0",
            "safe-buffer": "~5.1.1",
            "string_decoder": "~1.1.1",
            "util-deprecate": "~1.0.1"
          }
        },
        "rimraf": {
          "version": "2.6.2",
          "bundled": true,
          "requires": {
            "glob": "^7.0.5"
          }
        },
        "safe-buffer": {
          "version": "5.1.2",
          "bundled": true
        },
        "safer-buffer": {
          "version": "2.1.2",
          "bundled": true
        },
        "sax": {
          "version": "1.2.4",
          "bundled": true
        },
        "semver": {
          "version": "5.6.0",
          "bundled": true
        },
        "set-blocking": {
          "version": "2.0.0",
          "bundled": true
        },
        "signal-exit": {
          "version": "3.0.2",
          "bundled": true
        },
        "string-width": {
          "version": "1.0.2",
          "bundled": true,
          "requires": {
            "code-point-at": "^1.0.0",
            "is-fullwidth-code-point": "^1.0.0",
            "strip-ansi": "^3.0.0"
          }
        },
        "string_decoder": {
          "version": "1.1.1",
          "bundled": true,
          "requires": {
            "safe-buffer": "~5.1.0"
          }
        },
        "strip-ansi": {
          "version": "3.0.1",
          "bundled": true,
          "requires": {
            "ansi-regex": "^2.0.0"
          }
        },
        "strip-json-comments": {
          "version": "2.0.1",
          "bundled": true
        },
        "tar": {
          "version": "4.4.8",
          "bundled": true,
          "requires": {
            "chownr": "^1.1.1",
            "fs-minipass": "^1.2.5",
            "minipass": "^2.3.4",
            "minizlib": "^1.1.1",
            "mkdirp": "^0.5.0",
            "safe-buffer": "^5.1.2",
            "yallist": "^3.0.2"
          }
        },
        "util-deprecate": {
          "version": "1.0.2",
          "bundled": true
        },
        "wide-align": {
          "version": "1.1.3",
          "bundled": true,
          "requires": {
            "string-width": "^1.0.2 || 2"
          }
        },
        "wrappy": {
          "version": "1.0.2",
          "bundled": true
        },
        "yallist": {
          "version": "3.0.3",
          "bundled": true
        }
      }
    },
    "http-parser-js": {
      "version": "0.5.0",
      "resolved": "https://registry.npmjs.org/http-parser-js/-/http-parser-js-0.5.0.tgz",
      "integrity": "sha512-cZdEF7r4gfRIq7ezX9J0T+kQmJNOub71dWbgAXVHDct80TKP4MCETtZQ31xyv38UwgzkWPYF/Xc0ge55dW9Z9w=="
    },
    "iconv-lite": {
      "version": "0.4.24",
      "resolved": "https://registry.npmjs.org/iconv-lite/-/iconv-lite-0.4.24.tgz",
      "integrity": "sha512-v3MXnZAcvnywkTUEZomIActle7RXXeedOR31wwl7VlyoXO4Qi9arvSenNQWne1TcRwhCL1HwLI21bEqdpj8/rA==",
      "requires": {
        "safer-buffer": ">= 2.1.2 < 3"
      }
    },
    "inflight": {
      "version": "1.0.6",
      "resolved": "https://registry.npmjs.org/inflight/-/inflight-1.0.6.tgz",
      "integrity": "sha1-Sb1jMdfQLQwJvJEKEHW6gWW1bfk=",
      "requires": {
        "once": "^1.3.0",
        "wrappy": "1"
      }
    },
    "inherits": {
      "version": "2.0.3",
      "resolved": "https://registry.npmjs.org/inherits/-/inherits-2.0.3.tgz",
      "integrity": "sha1-Yzwsg+PaQqUC9SRmAiSA9CCCYd4="
    },
    "invert-kv": {
      "version": "1.0.0",
      "resolved": "https://registry.npmjs.org/invert-kv/-/invert-kv-1.0.0.tgz",
      "integrity": "sha1-EEqOSqym09jNFXqO+L+rLXo//bY="
    },
    "is-fullwidth-code-point": {
      "version": "1.0.0",
      "resolved": "https://registry.npmjs.org/is-fullwidth-code-point/-/is-fullwidth-code-point-1.0.0.tgz",
      "integrity": "sha1-754xOG8DGn8NZDr4L95QxFfvAMs=",
      "requires": {
        "number-is-nan": "^1.0.0"
      }
    },
    "is-stream": {
      "version": "1.1.0",
      "resolved": "https://registry.npmjs.org/is-stream/-/is-stream-1.1.0.tgz",
      "integrity": "sha1-EtSj3U5o4Lec6428hBc66A2RykQ="
    },
    "isomorphic-fetch": {
      "version": "2.2.1",
      "resolved": "https://registry.npmjs.org/isomorphic-fetch/-/isomorphic-fetch-2.2.1.tgz",
      "integrity": "sha1-YRrhrPFPXoH3KVB0coGf6XM1WKk=",
      "requires": {
        "node-fetch": "^1.0.1",
        "whatwg-fetch": ">=0.10.0"
      }
    },
    "js-tokens": {
      "version": "4.0.0",
      "resolved": "https://registry.npmjs.org/js-tokens/-/js-tokens-4.0.0.tgz",
      "integrity": "sha512-RdJUflcE3cUzKiMqQgsCu06FPu9UdIJO0beYbPhHN4k6apgJtifcoCtT9bcxOpYBtpD2kCM6Sbzg4CausW/PKQ==",
      "dev": true
    },
    "lcid": {
      "version": "1.0.0",
      "resolved": "https://registry.npmjs.org/lcid/-/lcid-1.0.0.tgz",
      "integrity": "sha1-MIrMr6C8SDo4Z7S28rlQYlHRuDU=",
      "requires": {
        "invert-kv": "^1.0.0"
      }
    },
    "lodash.camelcase": {
      "version": "4.3.0",
      "resolved": "https://registry.npmjs.org/lodash.camelcase/-/lodash.camelcase-4.3.0.tgz",
      "integrity": "sha1-soqmKIorn8ZRA1x3EfZathkDMaY="
    },
    "lodash.clone": {
      "version": "4.5.0",
      "resolved": "https://registry.npmjs.org/lodash.clone/-/lodash.clone-4.5.0.tgz",
      "integrity": "sha1-GVhwRQ9aExkkeN9Lw9I9LeoZB7Y="
    },
    "long": {
      "version": "3.2.0",
      "resolved": "https://registry.npmjs.org/long/-/long-3.2.0.tgz",
      "integrity": "sha1-2CG3E4yhy1gcFymQ7xTbIAtcR0s="
    },
    "loose-envify": {
      "version": "1.4.0",
      "resolved": "https://registry.npmjs.org/loose-envify/-/loose-envify-1.4.0.tgz",
      "integrity": "sha512-lyuxPGr/Wfhrlem2CL/UcnUc1zcqKAImBDzukY7Y5F/yQiNdko6+fRLevlw1HgMySw7f611UIY408EtxRSoK3Q==",
      "dev": true,
      "requires": {
        "js-tokens": "^3.0.0 || ^4.0.0"
      }
    },
    "minimatch": {
      "version": "3.0.4",
      "resolved": "https://registry.npmjs.org/minimatch/-/minimatch-3.0.4.tgz",
      "integrity": "sha512-yJHVQEhyqPLUTgt9B83PXu6W3rx4MvvHvSUvToogpwoGDOUQ+yDrR0HRot+yOCdCO7u4hX3pWft6kWBBcqh0UA==",
      "requires": {
        "brace-expansion": "^1.1.7"
      }
    },
    "nan": {
      "version": "2.12.1",
      "resolved": "https://registry.npmjs.org/nan/-/nan-2.12.1.tgz",
      "integrity": "sha512-JY7V6lRkStKcKTvHO5NVSQRv+RV+FIL5pvDoLiAtSL9pKlC5x9PKQcZDsq7m4FO4d57mkhC6Z+QhAh3Jdk5JFw=="
    },
    "node-fetch": {
      "version": "1.7.3",
      "resolved": "https://registry.npmjs.org/node-fetch/-/node-fetch-1.7.3.tgz",
      "integrity": "sha512-NhZ4CsKx7cYm2vSrBAr2PvFOe6sWDf0UYLRqA6svUYg7+/TSfVAu49jYC4BvQ4Sms9SZgdqGBgroqfDhJdTyKQ==",
      "requires": {
        "encoding": "^0.1.11",
        "is-stream": "^1.0.1"
      }
    },
    "number-is-nan": {
      "version": "1.0.1",
      "resolved": "https://registry.npmjs.org/number-is-nan/-/number-is-nan-1.0.1.tgz",
      "integrity": "sha1-CXtgK1NCKlIsGvuHkDGDNpQaAR0="
    },
    "object-assign": {
      "version": "4.1.1",
      "resolved": "https://registry.npmjs.org/object-assign/-/object-assign-4.1.1.tgz",
      "integrity": "sha1-IQmtx5ZYh8/AXLvUQsrIv7s2CGM=",
      "dev": true
    },
    "once": {
      "version": "1.4.0",
      "resolved": "https://registry.npmjs.org/once/-/once-1.4.0.tgz",
      "integrity": "sha1-WDsap3WWHUsROsF9nFC6753Xa9E=",
      "requires": {
        "wrappy": "1"
      }
    },
    "optjs": {
      "version": "3.2.2",
      "resolved": "https://registry.npmjs.org/optjs/-/optjs-3.2.2.tgz",
      "integrity": "sha1-aabOicRCpEQDFBrS+bNwvVu29O4="
    },
    "os-locale": {
      "version": "1.4.0",
      "resolved": "https://registry.npmjs.org/os-locale/-/os-locale-1.4.0.tgz",
      "integrity": "sha1-IPnxeuKe00XoveWDsT0gCYA8FNk=",
      "requires": {
        "lcid": "^1.0.0"
      }
    },
    "path-is-absolute": {
      "version": "1.0.1",
      "resolved": "https://registry.npmjs.org/path-is-absolute/-/path-is-absolute-1.0.1.tgz",
      "integrity": "sha1-F0uSaHNVNP+8es5r9TpanhtcX18="
    },
    "promise-polyfill": {
      "version": "7.1.2",
      "resolved": "https://registry.npmjs.org/promise-polyfill/-/promise-polyfill-7.1.2.tgz",
      "integrity": "sha512-FuEc12/eKqqoRYIGBrUptCBRhobL19PS2U31vMNTfyck1FxPyMfgsXyW4Mav85y/ZN1hop3hOwRlUDok23oYfQ=="
    },
    "prop-types": {
      "version": "15.7.2",
      "resolved": "https://registry.npmjs.org/prop-types/-/prop-types-15.7.2.tgz",
      "integrity": "sha512-8QQikdH7//R2vurIJSutZ1smHYTcLpRWEOlHnzcWHmBYrOGUysKwSsrC89BCiFj3CbrfJ/nXFdJepOVrY1GCHQ==",
      "dev": true,
      "requires": {
        "loose-envify": "^1.4.0",
        "object-assign": "^4.1.1",
        "react-is": "^16.8.1"
      }
    },
    "protobufjs": {
      "version": "5.0.3",
      "resolved": "https://registry.npmjs.org/protobufjs/-/protobufjs-5.0.3.tgz",
      "integrity": "sha512-55Kcx1MhPZX0zTbVosMQEO5R6/rikNXd9b6RQK4KSPcrSIIwoXTtebIczUrXlwaSrbz4x8XUVThGPob1n8I4QA==",
      "requires": {
        "ascli": "~1",
        "bytebuffer": "~5",
        "glob": "^7.0.5",
        "yargs": "^3.10.0"
      }
    },
    "react": {
      "version": "16.8.4",
      "resolved": "https://registry.npmjs.org/react/-/react-16.8.4.tgz",
      "integrity": "sha512-0GQ6gFXfUH7aZcjGVymlPOASTuSjlQL4ZtVC5YKH+3JL6bBLCVO21DknzmaPlI90LN253ojj02nsapy+j7wIjg==",
      "dev": true,
      "requires": {
        "loose-envify": "^1.1.0",
        "object-assign": "^4.1.1",
        "prop-types": "^15.6.2",
        "scheduler": "^0.13.4"
      }
    },
    "react-dom": {
      "version": "16.8.4",
      "resolved": "https://registry.npmjs.org/react-dom/-/react-dom-16.8.4.tgz",
      "integrity": "sha512-Ob2wK7XG2tUDt7ps7LtLzGYYB6DXMCLj0G5fO6WeEICtT4/HdpOi7W/xLzZnR6RCG1tYza60nMdqtxzA8FaPJQ==",
      "dev": true,
      "requires": {
        "loose-envify": "^1.1.0",
        "object-assign": "^4.1.1",
        "prop-types": "^15.6.2",
        "scheduler": "^0.13.4"
      }
    },
    "react-is": {
      "version": "16.8.4",
      "resolved": "https://registry.npmjs.org/react-is/-/react-is-16.8.4.tgz",
      "integrity": "sha512-PVadd+WaUDOAciICm/J1waJaSvgq+4rHE/K70j0PFqKhkTBsPv/82UGQJNXAngz1fOQLLxI6z1sEDmJDQhCTAA==",
      "dev": true
    },
    "rxfire": {
      "version": "3.3.6",
      "resolved": "https://registry.npmjs.org/rxfire/-/rxfire-3.3.6.tgz",
      "integrity": "sha512-xLvxvHvCJWu4GxzQjHJzqbtXOtffkK6dgdzHMk/rsqd0z/biu7DaMzvkSvD3XXEDp3hvWwFq+U6USDhH0kPemQ=="
    },
    "rxjs": {
      "version": "6.4.0",
      "resolved": "https://registry.npmjs.org/rxjs/-/rxjs-6.4.0.tgz",
      "integrity": "sha512-Z9Yfa11F6B9Sg/BK9MnqnQ+aQYicPLtilXBp2yUtDt2JRCE0h26d33EnfO3ZxoNxG0T92OUucP3Ct7cpfkdFfw==",
      "requires": {
        "tslib": "^1.9.0"
      }
    },
    "safer-buffer": {
      "version": "2.1.2",
      "resolved": "https://registry.npmjs.org/safer-buffer/-/safer-buffer-2.1.2.tgz",
      "integrity": "sha512-YZo3K82SD7Riyi0E1EQPojLz7kpepnSQI9IyPbHHg1XXXevb5dJI7tpyN2ADxGcQbHG7vcyRHk0cbwqcQriUtg=="
    },
    "scheduler": {
      "version": "0.13.4",
      "resolved": "https://registry.npmjs.org/scheduler/-/scheduler-0.13.4.tgz",
      "integrity": "sha512-cvSOlRPxOHs5dAhP9yiS/6IDmVAVxmk33f0CtTJRkmUWcb1Us+t7b1wqdzoC0REw2muC9V5f1L/w5R5uKGaepA==",
      "dev": true,
      "requires": {
        "loose-envify": "^1.1.0",
        "object-assign": "^4.1.1"
      }
    },
    "string-width": {
      "version": "1.0.2",
      "resolved": "https://registry.npmjs.org/string-width/-/string-width-1.0.2.tgz",
      "integrity": "sha1-EYvfW4zcUaKn5w0hHgfisLmxB9M=",
      "requires": {
        "code-point-at": "^1.0.0",
        "is-fullwidth-code-point": "^1.0.0",
        "strip-ansi": "^3.0.0"
      }
    },
    "strip-ansi": {
      "version": "3.0.1",
      "resolved": "https://registry.npmjs.org/strip-ansi/-/strip-ansi-3.0.1.tgz",
      "integrity": "sha1-ajhfuIU9lS1f8F0Oiq+UJ43GPc8=",
      "requires": {
        "ansi-regex": "^2.0.0"
      }
    },
    "tslib": {
      "version": "1.9.3",
      "resolved": "https://registry.npmjs.org/tslib/-/tslib-1.9.3.tgz",
      "integrity": "sha512-4krF8scpejhaOgqzBEcGM7yDIEfi0/8+8zDRZhNZZ2kjmHJ4hv3zCbQWxoJGz1iw5U0Jl0nma13xzHXcncMavQ=="
    },
    "websocket-driver": {
      "version": "0.7.0",
      "resolved": "https://registry.npmjs.org/websocket-driver/-/websocket-driver-0.7.0.tgz",
      "integrity": "sha1-DK+dLXVdk67gSdS90NP+LMoqJOs=",
      "requires": {
        "http-parser-js": ">=0.4.0",
        "websocket-extensions": ">=0.1.1"
      }
    },
    "websocket-extensions": {
      "version": "0.1.3",
      "resolved": "https://registry.npmjs.org/websocket-extensions/-/websocket-extensions-0.1.3.tgz",
      "integrity": "sha512-nqHUnMXmBzT0w570r2JpJxfiSD1IzoI+HGVdd3aZ0yNi3ngvQ4jv1dtHt5VGxfI2yj5yqImPhOK4vmIh2xMbGg=="
    },
    "whatwg-fetch": {
      "version": "3.0.0",
      "resolved": "https://registry.npmjs.org/whatwg-fetch/-/whatwg-fetch-3.0.0.tgz",
      "integrity": "sha512-9GSJUgz1D4MfyKU7KRqwOjXCXTqWdFNvEr7eUBYchQiVc744mqK/MzXPNR2WsPkmkOa4ywfg8C2n8h+13Bey1Q=="
    },
    "window-size": {
      "version": "0.1.4",
      "resolved": "https://registry.npmjs.org/window-size/-/window-size-0.1.4.tgz",
      "integrity": "sha1-+OGqHuWlPsW/FR/6CXQqatdpeHY="
    },
    "wrap-ansi": {
      "version": "2.1.0",
      "resolved": "https://registry.npmjs.org/wrap-ansi/-/wrap-ansi-2.1.0.tgz",
      "integrity": "sha1-2Pw9KE3QV5T+hJc8rs3Rz4JP3YU=",
      "requires": {
        "string-width": "^1.0.1",
        "strip-ansi": "^3.0.1"
      }
    },
    "wrappy": {
      "version": "1.0.2",
      "resolved": "https://registry.npmjs.org/wrappy/-/wrappy-1.0.2.tgz",
      "integrity": "sha1-tSQ9jz7BqjXxNkYFvA0QNuMKtp8="
    },
    "xmlhttprequest": {
      "version": "1.8.0",
      "resolved": "https://registry.npmjs.org/xmlhttprequest/-/xmlhttprequest-1.8.0.tgz",
      "integrity": "sha1-Z/4HXFwk/vOfnWX197f+dRcZaPw="
    },
    "y18n": {
      "version": "3.2.1",
      "resolved": "https://registry.npmjs.org/y18n/-/y18n-3.2.1.tgz",
      "integrity": "sha1-bRX7qITAhnnA136I53WegR4H+kE="
    },
    "yargs": {
      "version": "3.32.0",
      "resolved": "https://registry.npmjs.org/yargs/-/yargs-3.32.0.tgz",
      "integrity": "sha1-AwiOnr+edWtpdRYR0qXvWRSCyZU=",
      "requires": {
        "camelcase": "^2.0.1",
        "cliui": "^3.0.3",
        "decamelize": "^1.1.1",
        "os-locale": "^1.4.0",
        "string-width": "^1.0.1",
        "window-size": "^0.1.4",
        "y18n": "^3.2.0"
      }
    }
  }
}
